{
  "version": 4,
  "terraform_version": "1.1.4",
  "serial": 12,
  "lineage": "d4cf6e6f-84ec-d2c3-b31e-10c8271999ff",
  "outputs": {
    "external_ip_address_vm_1": {
      "value": "51.250.68.237",
      "type": "string"
    },
    "internal_ip_address_vm_1": {
      "value": "192.168.10.5",
      "type": "string"
    }
  },
  "resources": [
    {
      "mode": "managed",
      "type": "yandex_compute_instance",
      "name": "vm-1",
      "provider": "provider[\"terraform-registry.storage.yandexcloud.net/yandex-cloud/yandex\"]",
      "instances": [
        {
          "schema_version": 1,
          "attributes": {
            "allow_stopping_for_update": null,
            "boot_disk": [
              {
                "auto_delete": true,
                "device_name": "fhmgu8p9bm9epdphd0pm",
                "disk_id": "fhmgu8p9bm9epdphd0pm",
                "initialize_params": [
                  {
                    "block_size": 4096,
                    "description": "",
                    "image_id": "fd83n3uou8m03iq9gavu",
                    "name": "",
                    "size": 5,
                    "snapshot_id": "",
                    "type": "network-hdd"
                  }
                ],
                "mode": "READ_WRITE"
              }
            ],
            "created_at": "2022-03-22T16:42:29Z",
            "description": "",
            "folder_id": "b1gu7o9d03stfnjd4h0e",
            "fqdn": "fhmt7qgnaql2k7hjaa8r.auto.internal",
            "hostname": "fhmt7qgnaql2k7hjaa8r",
            "id": "fhmt7qgnaql2k7hjaa8r",
            "labels": null,
            "metadata": {
              "ssh-keys": "ubuntu:ssh-rsa AAAAB3NzaC1yc2EAAAADAQABAAABgQCV6jQMx0q5Jakul4S87rzLEYvbKSBgR1oRK/bs9wRh+TVpOTb6jsfmsn2fRZwQv3lAMIdIInThgYGf0/Ydpxmpacb0xDJAkt1Y4waHN7MO9gOhXF0GfEsmF/aceMBzZ7gDlqg/x09EMJZ60t0w6FQYi0owP3eU+ET7hdnwRhaH8X7UaPosMDhHt1sGTRHKzF0vOnc66tnsGgiGD0fkebWVokrXwZ6qawIP09s+2ym24JEcNt2rW7vrkA0fXZVpz+UqTw+EcJ7+5cchBEEfLMu5aFb4W73XKS8ke80figf4onJDxr6Q7iyi3t6Oc5JqSEzhaFXMsmwHhEet/kJOhAI+3CQakdtHzhDzizVcoBKjGSfpN5U8CfN5pWc9W0vEtjhxapkyZTVsPiyygum33myYteS8XI8J/N10XlZ3GclZizcq/jc9FdgtF0jxHnU0Nv8eahCX+YiN/QXqgMvUS7yYwSXQLBmonaDPa/SnACiJfqQj1Ti01+DdsytEta0Prx0= sergey@DESKTOP-78B89KM\r\n"
            },
            "name": "netology",
            "network_acceleration_type": "standard",
            "network_interface": [
              {
                "dns_record": [],
                "index": 0,
                "ip_address": "192.168.10.5",
                "ipv4": true,
                "ipv6": false,
                "ipv6_address": "",
                "ipv6_dns_record": [],
                "mac_address": "d0:0d:1d:3e:a1:75",
                "nat": true,
                "nat_dns_record": [],
                "nat_ip_address": "51.250.68.237",
                "nat_ip_version": "IPV4",
                "security_group_ids": [],
                "subnet_id": "e9b3208v87e6801ajs4s"
              }
            ],
            "placement_policy": [
              {
                "placement_group_id": ""
              }
            ],
            "platform_id": "standard-v1",
            "resources": [
              {
                "core_fraction": 100,
                "cores": 2,
                "gpus": 0,
                "memory": 2
              }
            ],
            "scheduling_policy": [
              {
                "preemptible": false
              }
            ],
            "secondary_disk": [],
            "service_account_id": "",
            "status": "running",
            "timeouts": null,
            "zone": "ru-central1-a"
          },
          "sensitive_attributes": [],
          "private": "eyJlMmJmYjczMC1lY2FhLTExZTYtOGY4OC0zNDM2M2JjN2M0YzAiOnsiY3JlYXRlIjozMDAwMDAwMDAwMDAsImRlbGV0ZSI6MzAwMDAwMDAwMDAwLCJ1cGRhdGUiOjMwMDAwMDAwMDAwMH0sInNjaGVtYV92ZXJzaW9uIjoiMSJ9",
          "dependencies": [
            "yandex_vpc_network.network-1",
            "yandex_vpc_subnet.subnet-1"
          ]
        }
      ]
    },
    {
      "mode": "managed",
      "type": "yandex_vpc_network",
      "name": "network-1",
      "provider": "provider[\"terraform-registry.storage.yandexcloud.net/yandex-cloud/yandex\"]",
      "instances": [
        {
          "schema_version": 0,
          "attributes": {
            "created_at": "2022-03-22T16:42:24Z",
            "default_security_group_id": "",
            "description": "",
            "folder_id": "b1gu7o9d03stfnjd4h0e",
            "id": "enpibj0eu7u887o472lk",
            "labels": {},
            "name": "network1",
            "subnet_ids": [],
            "timeouts": null
          },
          "sensitive_attributes": [],
          "private": "eyJlMmJmYjczMC1lY2FhLTExZTYtOGY4OC0zNDM2M2JjN2M0YzAiOnsiY3JlYXRlIjo2MDAwMDAwMDAwMCwiZGVsZXRlIjo2MDAwMDAwMDAwMCwidXBkYXRlIjo2MDAwMDAwMDAwMH19"
        }
      ]
    },
    {
      "mode": "managed",
      "type": "yandex_vpc_subnet",
      "name": "subnet-1",
      "provider": "provider[\"terraform-registry.storage.yandexcloud.net/yandex-cloud/yandex\"]",
      "instances": [
        {
          "schema_version": 0,
          "attributes": {
            "created_at": "2022-03-22T16:42:26Z",
            "description": "",
            "dhcp_options": [],
            "folder_id": "b1gu7o9d03stfnjd4h0e",
            "id": "e9b3208v87e6801ajs4s",
            "labels": {},
            "name": "subnet1",
            "network_id": "enpibj0eu7u887o472lk",
            "route_table_id": "",
            "timeouts": null,
            "v4_cidr_blocks": [
              "192.168.10.0/24"
            ],
            "v6_cidr_blocks": [],
            "zone": "ru-central1-a"
          },
          "sensitive_attributes": [],
          "private": "eyJlMmJmYjczMC1lY2FhLTExZTYtOGY4OC0zNDM2M2JjN2M0YzAiOnsiY3JlYXRlIjoxODAwMDAwMDAwMDAsImRlbGV0ZSI6MTgwMDAwMDAwMDAwLCJ1cGRhdGUiOjE4MDAwMDAwMDAwMH19",
          "dependencies": [
            "yandex_vpc_network.network-1"
          ]
        }
      ]
    }
  ]
}
